
Microsoft Visual Studio Solution File, Format Version 12.00
# Visual Studio Version 16
VisualStudioVersion = 16.0.30717.126
MinimumVisualStudioVersion = 10.0.40219.1
Project("{FAE04EC0-301F-11D3-BF4B-00C04F79EFBC}") = "OpenSCR", "OpenSCR\OpenSCR.csproj", "{DCC96C02-17A5-43CA-ABC3-417BCF3DFCFF}"
EndProject
Project("{FAE04EC0-301F-11D3-BF4B-00C04F79EFBC}") = "MainWindowServices", "MainWindowServices\MainWindowServices.csproj", "{A23C1591-E241-45B6-888F-9A90FE9F4773}"
EndProject
Project("{FAE04EC0-301F-11D3-BF4B-00C04F79EFBC}") = "HalationGhostModelBase", "HalationGhostModelBase\HalationGhostModelBase.csproj", "{0E014FE6-4F62-4DA4-ABF0-0406DB81F989}"
EndProject
Project("{FAE04EC0-301F-11D3-BF4B-00C04F79EFBC}") = "HalationGhostWpfViewModels", "HalationGhostWpfViewModels\HalationGhostWpfViewModels.csproj", "{AEAEA0C6-0622-4216-BB8F-85F717BC28EE}"
EndProject
Project("{FAE04EC0-301F-11D3-BF4B-00C04F79EFBC}") = "OptionViews", "OptionViews\OptionViews.csproj", "{00E7DC6E-EE31-4D63-BAE5-EF52665C800B}"
EndProject
Project("{FAE04EC0-301F-11D3-BF4B-00C04F79EFBC}") = "OpenSCRLib", "OpenSCRLib\OpenSCRLib.csproj", "{E91F8D02-325D-4CD7-8457-7B1B9C8B37D9}"
EndProject
Project("{FAE04EC0-301F-11D3-BF4B-00C04F79EFBC}") = "DirectShowCameraClient", "DirectShowCameraClient\DirectShowCameraClient.csproj", "{7C3968F9-7EBB-4A30-B50C-CDE22D1CE7A6}"
EndProject
Project("{FAE04EC0-301F-11D3-BF4B-00C04F79EFBC}") = "OnvifNetworkCameraClient", "OnvifNetworkCameraClient\OnvifNetworkCameraClient.csproj", "{3D5856C9-8EE1-4DD3-ABE0-739B7A718077}"
EndProject
Project("{FAE04EC0-301F-11D3-BF4B-00C04F79EFBC}") = "VideoViews", "VideoViews\VideoViews.csproj", "{9E600BB3-21CA-462F-B63F-153B7A9CACED}"
EndProject
Global
	GlobalSection(SolutionConfigurationPlatforms) = preSolution
		Debug|Any CPU = Debug|Any CPU
		Debug|x64 = Debug|x64
		Release|Any CPU = Release|Any CPU
		Release|x64 = Release|x64
	EndGlobalSection
	GlobalSection(ProjectConfigurationPlatforms) = postSolution
		{DCC96C02-17A5-43CA-ABC3-417BCF3DFCFF}.Debug|Any CPU.ActiveCfg = Debug|Any CPU
		{DCC96C02-17A5-43CA-ABC3-417BCF3DFCFF}.Debug|Any CPU.Build.0 = Debug|Any CPU
		{DCC96C02-17A5-43CA-ABC3-417BCF3DFCFF}.Debug|x64.ActiveCfg = Debug|x64
		{DCC96C02-17A5-43CA-ABC3-417BCF3DFCFF}.Debug|x64.Build.0 = Debug|x64
		{DCC96C02-17A5-43CA-ABC3-417BCF3DFCFF}.Release|Any CPU.ActiveCfg = Release|Any CPU
		{DCC96C02-17A5-43CA-ABC3-417BCF3DFCFF}.Release|Any CPU.Build.0 = Release|Any CPU
		{DCC96C02-17A5-43CA-ABC3-417BCF3DFCFF}.Release|x64.ActiveCfg = Release|x64
		{DCC96C02-17A5-43CA-ABC3-417BCF3DFCFF}.Release|x64.Build.0 = Release|x64
		{A23C1591-E241-45B6-888F-9A90FE9F4773}.Debug|Any CPU.ActiveCfg = Debug|Any CPU
		{A23C1591-E241-45B6-888F-9A90FE9F4773}.Debug|Any CPU.Build.0 = Debug|Any CPU
		{A23C1591-E241-45B6-888F-9A90FE9F4773}.Debug|x64.ActiveCfg = Debug|x64
		{A23C1591-E241-45B6-888F-9A90FE9F4773}.Debug|x64.Build.0 = Debug|x64
		{A23C1591-E241-45B6-888F-9A90FE9F4773}.Release|Any CPU.ActiveCfg = Release|Any CPU
		{A23C1591-E241-45B6-888F-9A90FE9F4773}.Release|Any CPU.Build.0 = Release|Any CPU
		{A23C1591-E241-45B6-888F-9A90FE9F4773}.Release|x64.ActiveCfg = Release|x64
		{A23C1591-E241-45B6-888F-9A90FE9F4773}.Release|x64.Build.0 = Release|x64
		{0E014FE6-4F62-4DA4-ABF0-0406DB81F989}.Debug|Any CPU.ActiveCfg = Debug|Any CPU
		{0E014FE6-4F62-4DA4-ABF0-0406DB81F989}.Debug|Any CPU.Build.0 = Debug|Any CPU
		{0E014FE6-4F62-4DA4-ABF0-0406DB81F989}.Debug|x64.ActiveCfg = Debug|x64
		{0E014FE6-4F62-4DA4-ABF0-0406DB81F989}.Debug|x64.Build.0 = Debug|x64
		{0E014FE6-4F62-4DA4-ABF0-0406DB81F989}.Release|Any CPU.ActiveCfg = Release|Any CPU
		{0E014FE6-4F62-4DA4-ABF0-0406DB81F989}.Release|Any CPU.Build.0 = Release|Any CPU
		{0E014FE6-4F62-4DA4-ABF0-0406DB81F989}.Release|x64.ActiveCfg = Release|x64
		{0E014FE6-4F62-4DA4-ABF0-0406DB81F989}.Release|x64.Build.0 = Release|x64
		{AEAEA0C6-0622-4216-BB8F-85F717BC28EE}.Debug|Any CPU.ActiveCfg = Debug|Any CPU
		{AEAEA0C6-0622-4216-BB8F-85F717BC28EE}.Debug|Any CPU.Build.0 = Debug|Any CPU
		{AEAEA0C6-0622-4216-BB8F-85F717BC28EE}.Debug|x64.ActiveCfg = Debug|x64
		{AEAEA0C6-0622-4216-BB8F-85F717BC28EE}.Debug|x64.Build.0 = Debug|x64
		{AEAEA0C6-0622-4216-BB8F-85F717BC28EE}.Release|Any CPU.ActiveCfg = Release|Any CPU
		{AEAEA0C6-0622-4216-BB8F-85F717BC28EE}.Release|Any CPU.Build.0 = Release|Any CPU
		{AEAEA0C6-0622-4216-BB8F-85F717BC28EE}.Release|x64.ActiveCfg = Release|x64
		{AEAEA0C6-0622-4216-BB8F-85F717BC28EE}.Release|x64.Build.0 = Release|x64
		{00E7DC6E-EE31-4D63-BAE5-EF52665C800B}.Debug|Any CPU.ActiveCfg = Debug|Any CPU
		{00E7DC6E-EE31-4D63-BAE5-EF52665C800B}.Debug|Any CPU.Build.0 = Debug|Any CPU
		{00E7DC6E-EE31-4D63-BAE5-EF52665C800B}.Debug|x64.ActiveCfg = Debug|x64
		{00E7DC6E-EE31-4D63-BAE5-EF52665C800B}.Debug|x64.Build.0 = Debug|x64
		{00E7DC6E-EE31-4D63-BAE5-EF52665C800B}.Release|Any CPU.ActiveCfg = Release|Any CPU
		{00E7DC6E-EE31-4D63-BAE5-EF52665C800B}.Release|Any CPU.Build.0 = Release|Any CPU
		{00E7DC6E-EE31-4D63-BAE5-EF52665C800B}.Release|x64.ActiveCfg = Release|x64
		{00E7DC6E-EE31-4D63-BAE5-EF52665C800B}.Release|x64.Build.0 = Release|x64
		{E91F8D02-325D-4CD7-8457-7B1B9C8B37D9}.Debug|Any CPU.ActiveCfg = Debug|Any CPU
		{E91F8D02-325D-4CD7-8457-7B1B9C8B37D9}.Debug|Any CPU.Build.0 = Debug|Any CPU
		{E91F8D02-325D-4CD7-8457-7B1B9C8B37D9}.Debug|x64.ActiveCfg = Debug|x64
		{E91F8D02-325D-4CD7-8457-7B1B9C8B37D9}.Debug|x64.Build.0 = Debug|x64
		{E91F8D02-325D-4CD7-8457-7B1B9C8B37D9}.Release|Any CPU.ActiveCfg = Release|Any CPU
		{E91F8D02-325D-4CD7-8457-7B1B9C8B37D9}.Release|Any CPU.Build.0 = Release|Any CPU
		{E91F8D02-325D-4CD7-8457-7B1B9C8B37D9}.Release|x64.ActiveCfg = Release|x64
		{E91F8D02-325D-4CD7-8457-7B1B9C8B37D9}.Release|x64.Build.0 = Release|x64
		{7C3968F9-7EBB-4A30-B50C-CDE22D1CE7A6}.Debug|Any CPU.ActiveCfg = Debug|Any CPU
		{7C3968F9-7EBB-4A30-B50C-CDE22D1CE7A6}.Debug|Any CPU.Build.0 = Debug|Any CPU
		{7C3968F9-7EBB-4A30-B50C-CDE22D1CE7A6}.Debug|x64.ActiveCfg = Debug|x64
		{7C3968F9-7EBB-4A30-B50C-CDE22D1CE7A6}.Debug|x64.Build.0 = Debug|x64
		{7C3968F9-7EBB-4A30-B50C-CDE22D1CE7A6}.Release|Any CPU.ActiveCfg = Release|Any CPU
		{7C3968F9-7EBB-4A30-B50C-CDE22D1CE7A6}.Release|Any CPU.Build.0 = Release|Any CPU
		{7C3968F9-7EBB-4A30-B50C-CDE22D1CE7A6}.Release|x64.ActiveCfg = Release|x64
		{7C3968F9-7EBB-4A30-B50C-CDE22D1CE7A6}.Release|x64.Build.0 = Release|x64
		{3D5856C9-8EE1-4DD3-ABE0-739B7A718077}.Debug|Any CPU.ActiveCfg = Debug|Any CPU
		{3D5856C9-8EE1-4DD3-ABE0-739B7A718077}.Debug|Any CPU.Build.0 = Debug|Any CPU
		{3D5856C9-8EE1-4DD3-ABE0-739B7A718077}.Debug|x64.ActiveCfg = Debug|x64
		{3D5856C9-8EE1-4DD3-ABE0-739B7A718077}.Debug|x64.Build.0 = Debug|x64
		{3D5856C9-8EE1-4DD3-ABE0-739B7A718077}.Release|Any CPU.ActiveCfg = Release|Any CPU
		{3D5856C9-8EE1-4DD3-ABE0-739B7A718077}.Release|Any CPU.Build.0 = Release|Any CPU
		{3D5856C9-8EE1-4DD3-ABE0-739B7A718077}.Release|x64.ActiveCfg = Release|x64
		{3D5856C9-8EE1-4DD3-ABE0-739B7A718077}.Release|x64.Build.0 = Release|x64
		{9E600BB3-21CA-462F-B63F-153B7A9CACED}.Debug|Any CPU.ActiveCfg = Debug|Any CPU
		{9E600BB3-21CA-462F-B63F-153B7A9CACED}.Debug|Any CPU.Build.0 = Debug|Any CPU
		{9E600BB3-21CA-462F-B63F-153B7A9CACED}.Debug|x64.ActiveCfg = Debug|x64
		{9E600BB3-21CA-462F-B63F-153B7A9CACED}.Debug|x64.Build.0 = Debug|x64
		{9E600BB3-21CA-462F-B63F-153B7A9CACED}.Release|Any CPU.ActiveCfg = Release|Any CPU
		{9E600BB3-21CA-462F-B63F-153B7A9CACED}.Release|Any CPU.Build.0 = Release|Any CPU
		{9E600BB3-21CA-462F-B63F-153B7A9CACED}.Release|x64.ActiveCfg = Release|x64
		{9E600BB3-21CA-462F-B63F-153B7A9CACED}.Release|x64.Build.0 = Release|x64
	EndGlobalSection
	GlobalSection(SolutionProperties) = preSolution
		HideSolutionNode = FALSE
	EndGlobalSection
	GlobalSection(ExtensibilityGlobals) = postSolution
		SolutionGuid = {4B74F8C4-D89E-49C6-890F-BDE474100B1F}
	EndGlobalSection
EndGlobal
